PODS:
  - Flutter (1.0.0)
  - get_ip (0.0.1):
    - Flutter
  - wakelock (0.0.1):
    - Flutter
  - wifi (0.0.1):
    - Flutter

DEPENDENCIES:
  - Flutter (from `Flutter`)
  - get_ip (from `.symlinks/plugins/get_ip/ios`)
  - wakelock (from `.symlinks/plugins/wakelock/ios`)
  - wifi (from `.symlinks/plugins/wifi/ios`)

EXTERNAL SOURCES:
  Flutter:
    :path: Flutter
  get_ip:
    :path: ".symlinks/plugins/get_ip/ios"
  wakelock:
    :path: ".symlinks/plugins/wakelock/ios"
  wifi:
    :path: ".symlinks/plugins/wifi/ios"

SPEC CHECKSUMS:
  Flutter: 0e3d915762c693b495b44d77113d4970485de6ec
  get_ip: c063133e0a399ae4089048c90d6a232cb2344846
  wakelock: bd3dcc6a8bcf53a1c0309780ff192dcee67c6ccb
  wifi: d7d77c94109e36c4175d845f0a5964eadba71060

PODFILE CHECKSUM: 1b66dae606f75376c5f2135a8290850eeb09ae83

COCOAPODS: 1.7.5
